
Microsoft Visual Studio Solution File, Format Version 12.00
# Visual Studio Version 16
VisualStudioVersion = 16.0.29709.97
MinimumVisualStudioVersion = 10.0.40219.1
Project("{FAE04EC0-301F-11D3-BF4B-00C04F79EFBC}") = "TestBinarBredly", "TestBinarBredly\TestBinarBredly.csproj", "{1CBD3505-B1C3-4391-A5FC-C28C4BB0498D}"
EndProject
Global
	GlobalSection(SolutionConfigurationPlatforms) = preSolution
		Debug|Any CPU = Debug|Any CPU
		Release|Any CPU = Release|Any CPU
	EndGlobalSection
	GlobalSection(ProjectConfigurationPlatforms) = postSolution
		{1CBD3505-B1C3-4391-A5FC-C28C4BB0498D}.Debug|Any CPU.ActiveCfg = Debug|Any CPU
		{1CBD3505-B1C3-4391-A5FC-C28C4BB0498D}.Debug|Any CPU.Build.0 = Debug|Any CPU
		{1CBD3505-B1C3-4391-A5FC-C28C4BB0498D}.Release|Any CPU.ActiveCfg = Release|Any CPU
		{1CBD3505-B1C3-4391-A5FC-C28C4BB0498D}.Release|Any CPU.Build.0 = Release|Any CPU
	EndGlobalSection
	GlobalSection(SolutionProperties) = preSolution
		HideSolutionNode = FALSE
	EndGlobalSection
	GlobalSection(ExtensibilityGlobals) = postSolution
		SolutionGuid = {1F8BCF71-5DDA-4147-92AB-B8FBA8A9E492}
	EndGlobalSection
EndGlobal
